// !$*UTF8*$!
{
	archiveVersion = 1;
	classes = {
	};
	objectVersion = 50;
	objects = {

/* Begin PBXBuildFile section */
		A1224D09210D2D290095B5AF /* AppDelegate.swift in Sources */ = {isa = PBXBuildFile; fileRef = A1224D08210D2D290095B5AF /* AppDelegate.swift */; };
		A1224D0B210D2D290095B5AF /* TodoListViewController.swift in Sources */ = {isa = PBXBuildFile; fileRef = A1224D0A210D2D290095B5AF /* TodoListViewController.swift */; };
		A1224D0E210D2D290095B5AF /* Main.storyboard in Resources */ = {isa = PBXBuildFile; fileRef = A1224D0C210D2D290095B5AF /* Main.storyboard */; };
		A1224D10210D2D2B0095B5AF /* Assets.xcassets in Resources */ = {isa = PBXBuildFile; fileRef = A1224D0F210D2D2B0095B5AF /* Assets.xcassets */; };
		A1224D13210D2D2B0095B5AF /* LaunchScreen.storyboard in Resources */ = {isa = PBXBuildFile; fileRef = A1224D11210D2D2B0095B5AF /* LaunchScreen.storyboard */; };
		A1A502FE2116C63800A8E394 /* Item.swift in Sources */ = {isa = PBXBuildFile; fileRef = A1A502FD2116C63800A8E394 /* Item.swift */; };
		A1A503002116C64F00A8E394 /* Category.swift in Sources */ = {isa = PBXBuildFile; fileRef = A1A502FF2116C64F00A8E394 /* Category.swift */; };
		A1C6C337211669A000565059 /* CategoryViewController.swift in Sources */ = {isa = PBXBuildFile; fileRef = A1C6C336211669A000565059 /* CategoryViewController.swift */; };
		AF0BB60BA0B2A66F270D552E /* Pods_Todoey.framework in Frameworks */ = {isa = PBXBuildFile; fileRef = D6C920C9A62F8BA1C0E8D48A /* Pods_Todoey.framework */; };
/* End PBXBuildFile section */

/* Begin PBXFileReference section */
		5094ED7C6169BFC597A99407 /* Pods-Todoey.release.xcconfig */ = {isa = PBXFileReference; includeInIndex = 1; lastKnownFileType = text.xcconfig; name = "Pods-Todoey.release.xcconfig"; path = "Pods/Target Support Files/Pods-Todoey/Pods-Todoey.release.xcconfig"; sourceTree = "<group>"; };
		A1224D05210D2D290095B5AF /* Todoey.app */ = {isa = PBXFileReference; explicitFileType = wrapper.application; includeInIndex = 0; path = Todoey.app; sourceTree = BUILT_PRODUCTS_DIR; };
		A1224D08210D2D290095B5AF /* AppDelegate.swift */ = {isa = PBXFileReference; lastKnownFileType = sourcecode.swift; path = AppDelegate.swift; sourceTree = "<group>"; };
		A1224D0A210D2D290095B5AF /* TodoListViewController.swift */ = {isa = PBXFileReference; lastKnownFileType = sourcecode.swift; path = TodoListViewController.swift; sourceTree = "<group>"; };
		A1224D0D210D2D290095B5AF /* Base */ = {isa = PBXFileReference; lastKnownFileType = file.storyboard; name = Base; path = Base.lproj/Main.storyboard; sourceTree = "<group>"; };
		A1224D0F210D2D2B0095B5AF /* Assets.xcassets */ = {isa = PBXFileReference; lastKnownFileType = folder.assetcatalog; path = Assets.xcassets; sourceTree = "<group>"; };
		A1224D12210D2D2B0095B5AF /* Base */ = {isa = PBXFileReference; lastKnownFileType = file.storyboard; name = Base; path = Base.lproj/LaunchScreen.storyboard; sourceTree = "<group>"; };
		A1224D14210D2D2B0095B5AF /* Info.plist */ = {isa = PBXFileReference; lastKnownFileType = text.plist.xml; path = Info.plist; sourceTree = "<group>"; };
		A1A502FD2116C63800A8E394 /* Item.swift */ = {isa = PBXFileReference; lastKnownFileType = sourcecode.swift; path = Item.swift; sourceTree = "<group>"; };
		A1A502FF2116C64F00A8E394 /* Category.swift */ = {isa = PBXFileReference; lastKnownFileType = sourcecode.swift; path = Category.swift; sourceTree = "<group>"; };
		A1C6C336211669A000565059 /* CategoryViewController.swift */ = {isa = PBXFileReference; lastKnownFileType = sourcecode.swift; path = CategoryViewController.swift; sourceTree = "<group>"; };
		D6C920C9A62F8BA1C0E8D48A /* Pods_Todoey.framework */ = {isa = PBXFileReference; explicitFileType = wrapper.framework; includeInIndex = 0; path = Pods_Todoey.framework; sourceTree = BUILT_PRODUCTS_DIR; };
		FB58CA5CE6D57F172D29CE23 /* Pods-Todoey.debug.xcconfig */ = {isa = PBXFileReference; includeInIndex = 1; lastKnownFileType = text.xcconfig; name = "Pods-Todoey.debug.xcconfig"; path = "Pods/Target Support Files/Pods-Todoey/Pods-Todoey.debug.xcconfig"; sourceTree = "<group>"; };
/* End PBXFileReference section */

/* Begin PBXFrameworksBuildPhase section */
		A1224D02210D2D290095B5AF /* Frameworks */ = {
			isa = PBXFrameworksBuildPhase;
			buildActionMask = 2147483647;
			files = (
				AF0BB60BA0B2A66F270D552E /* Pods_Todoey.framework in Frameworks */,
			);
			runOnlyForDeploymentPostprocessing = 0;
		};
/* End PBXFrameworksBuildPhase section */

/* Begin PBXGroup section */
		A1224CFC210D2D290095B5AF = {
			isa = PBXGroup;
			children = (
				A1224D07210D2D290095B5AF /* Todoey */,
				A1224D06210D2D290095B5AF /* Products */,
				FFE662AEF829644AB4DC2047 /* Pods */,
				C751C907BF8FC315F1BEAC67 /* Frameworks */,
			);
			sourceTree = "<group>";
		};
		A1224D06210D2D290095B5AF /* Products */ = {
			isa = PBXGroup;
			children = (
				A1224D05210D2D290095B5AF /* Todoey.app */,
			);
			name = Products;
			sourceTree = "<group>";
		};
		A1224D07210D2D290095B5AF /* Todoey */ = {
			isa = PBXGroup;
			children = (
				A1224D08210D2D290095B5AF /* AppDelegate.swift */,
				A1A91D7B210E66D000FE0AC6 /* Controllers */,
				A1A91D7A210E66AC00FE0AC6 /* Data Model */,
				A1A91D7C210E66EB00FE0AC6 /* Views */,
				A1A91D7D210E672300FE0AC6 /* Supporting Files */,
				A1224D14210D2D2B0095B5AF /* Info.plist */,
			);
			path = Todoey;
			sourceTree = "<group>";
		};
		A1A91D7A210E66AC00FE0AC6 /* Data Model */ = {
			isa = PBXGroup;
			children = (
				A1A502FF2116C64F00A8E394 /* Category.swift */,
				A1A502FD2116C63800A8E394 /* Item.swift */,
			);
			path = "Data Model";
			sourceTree = "<group>";
		};
		A1A91D7B210E66D000FE0AC6 /* Controllers */ = {
			isa = PBXGroup;
			children = (
				A1C6C336211669A000565059 /* CategoryViewController.swift */,
				A1224D0A210D2D290095B5AF /* TodoListViewController.swift */,
			);
			path = Controllers;
			sourceTree = "<group>";
		};
		A1A91D7C210E66EB00FE0AC6 /* Views */ = {
			isa = PBXGroup;
			children = (
				A1224D0C210D2D290095B5AF /* Main.storyboard */,
			);
			path = Views;
			sourceTree = "<group>";
		};
		A1A91D7D210E672300FE0AC6 /* Supporting Files */ = {
			isa = PBXGroup;
			children = (
				A1224D0F210D2D2B0095B5AF /* Assets.xcassets */,
				A1224D11210D2D2B0095B5AF /* LaunchScreen.storyboard */,
			);
			path = "Supporting Files";
			sourceTree = "<group>";
		};
		C751C907BF8FC315F1BEAC67 /* Frameworks */ = {
			isa = PBXGroup;
			children = (
				D6C920C9A62F8BA1C0E8D48A /* Pods_Todoey.framework */,
			);
			name = Frameworks;
			sourceTree = "<group>";
		};
		FFE662AEF829644AB4DC2047 /* Pods */ = {
			isa = PBXGroup;
			children = (
				FB58CA5CE6D57F172D29CE23 /* Pods-Todoey.debug.xcconfig */,
				5094ED7C6169BFC597A99407 /* Pods-Todoey.release.xcconfig */,
			);
			name = Pods;
			sourceTree = "<group>";
		};
/* End PBXGroup section */

/* Begin PBXNativeTarget section */
		A1224D04210D2D290095B5AF /* Todoey */ = {
			isa = PBXNativeTarget;
			buildConfigurationList = A1224D17210D2D2B0095B5AF /* Build configuration list for PBXNativeTarget "Todoey" */;
			buildPhases = (
				4B700A54688AA9A0A70C7293 /* [CP] Check Pods Manifest.lock */,
				A1224D01210D2D290095B5AF /* Sources */,
				A1224D02210D2D290095B5AF /* Frameworks */,
				A1224D03210D2D290095B5AF /* Resources */,
				500B8A2E42009B7A458E5185 /* [CP] Embed Pods Frameworks */,
			);
			buildRules = (
			);
			dependencies = (
			);
			name = Todoey;
			productName = Todoey;
			productReference = A1224D05210D2D290095B5AF /* Todoey.app */;
			productType = "com.apple.product-type.application";
		};
/* End PBXNativeTarget section */

/* Begin PBXProject section */
		A1224CFD210D2D290095B5AF /* Project object */ = {
			isa = PBXProject;
			attributes = {
				LastSwiftUpdateCheck = 0940;
				LastUpgradeCheck = 0940;
				ORGANIZATIONNAME = "Atsuko Fukunaga";
				TargetAttributes = {
					A1224D04210D2D290095B5AF = {
						CreatedOnToolsVersion = 9.4.1;
					};
				};
			};
			buildConfigurationList = A1224D00210D2D290095B5AF /* Build configuration list for PBXProject "Todoey" */;
			compatibilityVersion = "Xcode 9.3";
			developmentRegion = en;
			hasScannedForEncodings = 0;
			knownRegions = (
				en,
				Base,
			);
			mainGroup = A1224CFC210D2D290095B5AF;
			productRefGroup = A1224D06210D2D290095B5AF /* Products */;
			projectDirPath = "";
			projectRoot = "";
			targets = (
				A1224D04210D2D290095B5AF /* Todoey */,
			);
		};
/* End PBXProject section */

/* Begin PBXResourcesBuildPhase section */
		A1224D03210D2D290095B5AF /* Resources */ = {
			isa = PBXResourcesBuildPhase;
			buildActionMask = 2147483647;
			files = (
				A1224D13210D2D2B0095B5AF /* LaunchScreen.storyboard in Resources */,
				A1224D10210D2D2B0095B5AF /* Assets.xcassets in Resources */,
				A1224D0E210D2D290095B5AF /* Main.storyboard in Resources */,
			);
			runOnlyForDeploymentPostprocessing = 0;
		};
/* End PBXResourcesBuildPhase section */

/* Begin PBXShellScriptBuildPhase section */
		4B700A54688AA9A0A70C7293 /* [CP] Check Pods Manifest.lock */ = {
			isa = PBXShellScriptBuildPhase;
			buildActionMask = 2147483647;
			files = (
			);
			inputPaths = (
				"${PODS_PODFILE_DIR_PATH}/Podfile.lock",
				"${PODS_ROOT}/Manifest.lock",
			);
			name = "[CP] Check Pods Manifest.lock";
			outputPaths = (
				"$(DERIVED_FILE_DIR)/Pods-Todoey-checkManifestLockResult.txt",
			);
			runOnlyForDeploymentPostprocessing = 0;
			shellPath = /bin/sh;
			shellScript = "diff \"${PODS_PODFILE_DIR_PATH}/Podfile.lock\" \"${PODS_ROOT}/Manifest.lock\" > /dev/null\nif [ $? != 0 ] ; then\n    # print error to STDERR\n    echo \"error: The sandbox is not in sync with the Podfile.lock. Run 'pod install' or update your CocoaPods installation.\" >&2\n    exit 1\nfi\n# This output is used by Xcode 'outputs' to avoid re-running this script phase.\necho \"SUCCESS\" > \"${SCRIPT_OUTPUT_FILE_0}\"\n";
			showEnvVarsInLog = 0;
		};
		500B8A2E42009B7A458E5185 /* [CP] Embed Pods Frameworks */ = {
			isa = PBXShellScriptBuildPhase;
			buildActionMask = 2147483647;
			files = (
			);
			inputPaths = (
				"${SRCROOT}/Pods/Target Support Files/Pods-Todoey/Pods-Todoey-frameworks.sh",
				"${BUILT_PRODUCTS_DIR}/Realm/Realm.framework",
				"${BUILT_PRODUCTS_DIR}/RealmSwift/RealmSwift.framework",
			);
			name = "[CP] Embed Pods Frameworks";
			outputPaths = (
				"${TARGET_BUILD_DIR}/${FRAMEWORKS_FOLDER_PATH}/Realm.framework",
				"${TARGET_BUILD_DIR}/${FRAMEWORKS_FOLDER_PATH}/RealmSwift.framework",
			);
			runOnlyForDeploymentPostprocessing = 0;
			shellPath = /bin/sh;
			shellScript = "\"${SRCROOT}/Pods/Target Support Files/Pods-Todoey/Pods-Todoey-frameworks.sh\"\n";
			showEnvVarsInLog = 0;
		};
/* End PBXShellScriptBuildPhase section */

/* Begin PBXSourcesBuildPhase section */
		A1224D01210D2D290095B5AF /* Sources */ = {
			isa = PBXSourcesBuildPhase;
			buildActionMask = 2147483647;
			files = (
				A1A502FE2116C63800A8E394 /* Item.swift in Sources */,
				A1C6C337211669A000565059 /* CategoryViewController.swift in Sources */,
				A1224D0B210D2D290095B5AF /* TodoListViewController.swift in Sources */,
				A1224D09210D2D290095B5AF /* AppDelegate.swift in Sources */,
				A1A503002116C64F00A8E394 /* Category.swift in Sources */,
			);
			runOnlyForDeploymentPostprocessing = 0;
		};
/* End PBXSourcesBuildPhase section */

/* Begin PBXVariantGroup section */
		A1224D0C210D2D290095B5AF /* Main.storyboard */ = {
			isa = PBXVariantGroup;
			children = (
				A1224D0D210D2D290095B5AF /* Base */,
			);
			name = Main.storyboard;
			sourceTree = "<group>";
		};
		A1224D11210D2D2B0095B5AF /* LaunchScreen.storyboard */ = {
			isa = PBXVariantGroup;
			children = (
				A1224D12210D2D2B0095B5AF /* Base */,
			);
			name = LaunchScreen.storyboard;
			sourceTree = "<group>";
		};
/* End PBXVariantGroup section */

/* Begin XCBuildConfiguration section */
		A1224D15210D2D2B0095B5AF /* Debug */ = {
			isa = XCBuildConfiguration;
			buildSettings = {
				ALWAYS_SEARCH_USER_PATHS = NO;
				CLANG_ANALYZER_NONNULL = YES;
				CLANG_ANALYZER_NUMBER_OBJECT_CONVERSION = YES_AGGRESSIVE;
				CLANG_CXX_LANGUAGE_STANDARD = "gnu++14";
				CLANG_CXX_LIBRARY = "libc++";
				CLANG_ENABLE_MODULES = YES;
				CLANG_ENABLE_OBJC_ARC = YES;
				CLANG_ENABLE_OBJC_WEAK = YES;
				CLANG_WARN_BLOCK_CAPTURE_AUTORELEASING = YES;
				CLANG_WARN_BOOL_CONVERSION = YES;
				CLANG_WARN_COMMA = YES;
				CLANG_WARN_CONSTANT_CONVERSION = YES;
				CLANG_WARN_DEPRECATED_OBJC_IMPLEMENTATIONS = YES;
				CLANG_WARN_DIRECT_OBJC_ISA_USAGE = YES_ERROR;
				CLANG_WARN_DOCUMENTATION_COMMENTS = YES;
				CLANG_WARN_EMPTY_BODY = YES;
				CLANG_WARN_ENUM_CONVERSION = YES;
				CLANG_WARN_INFINITE_RECURSION = YES;
				CLANG_WARN_INT_CONVERSION = YES;
				CLANG_WARN_NON_LITERAL_NULL_CONVERSION = YES;
				CLANG_WARN_OBJC_IMPLICIT_RETAIN_SELF = YES;
				CLANG_WARN_OBJC_LITERAL_CONVERSION = YES;
				CLANG_WARN_OBJC_ROOT_CLASS = YES_ERROR;
				CLANG_WARN_RANGE_LOOP_ANALYSIS = YES;
				CLANG_WARN_STRICT_PROTOTYPES = YES;
				CLANG_WARN_SUSPICIOUS_MOVE = YES;
				CLANG_WARN_UNGUARDED_AVAILABILITY = YES_AGGRESSIVE;
				CLANG_WARN_UNREACHABLE_CODE = YES;
				CLANG_WARN__DUPLICATE_METHOD_MATCH = YES;
				CODE_SIGN_IDENTITY = "iPhone Developer";
				COPY_PHASE_STRIP = NO;
				DEBUG_INFORMATION_FORMAT = dwarf;
				ENABLE_STRICT_OBJC_MSGSEND = YES;
				ENABLE_TESTABILITY = YES;
				GCC_C_LANGUAGE_STANDARD = gnu11;
				GCC_DYNAMIC_NO_PIC = NO;
				GCC_NO_COMMON_BLOCKS = YES;
				GCC_OPTIMIZATION_LEVEL = 0;
				GCC_PREPROCESSOR_DEFINITIONS = (
					"DEBUG=1",
					"$(inherited)",
				);
				GCC_WARN_64_TO_32_BIT_CONVERSION = YES;
				GCC_WARN_ABOUT_RETURN_TYPE = YES_ERROR;
				GCC_WARN_UNDECLARED_SELECTOR = YES;
				GCC_WARN_UNINITIALIZED_AUTOS = YES_AGGRESSIVE;
				GCC_WARN_UNUSED_FUNCTION = YES;
				GCC_WARN_UNUSED_VARIABLE = YES;
				IPHONEOS_DEPLOYMENT_TARGET = 11.4;
				MTL_ENABLE_DEBUG_INFO = YES;
				ONLY_ACTIVE_ARCH = YES;
				SDKROOT = iphoneos;
				SWIFT_ACTIVE_COMPILATION_CONDITIONS = DEBUG;
				SWIFT_OPTIMIZATION_LEVEL = "-Onone";
			};
			name = Debug;
		};
		A1224D16210D2D2B0095B5AF /* Release */ = {
			isa = XCBuildConfiguration;
			buildSettings = {
				ALWAYS_SEARCH_USER_PATHS = NO;
				CLANG_ANALYZER_NONNULL = YES;
				CLANG_ANALYZER_NUMBER_OBJECT_CONVERSION = YES_AGGRESSIVE;
				CLANG_CXX_LANGUAGE_STANDARD = "gnu++14";
				CLANG_CXX_LIBRARY = "libc++";
				CLANG_ENABLE_MODULES = YES;
				CLANG_ENABLE_OBJC_ARC = YES;
				CLANG_ENABLE_OBJC_WEAK = YES;
				CLANG_WARN_BLOCK_CAPTURE_AUTORELEASING = YES;
				CLANG_WARN_BOOL_CONVERSION = YES;
				CLANG_WARN_COMMA = YES;
				CLANG_WARN_CONSTANT_CONVERSION = YES;
				CLANG_WARN_DEPRECATED_OBJC_IMPLEMENTATIONS = YES;
				CLANG_WARN_DIRECT_OBJC_ISA_USAGE = YES_ERROR;
				CLANG_WARN_DOCUMENTATION_COMMENTS = YES;
				CLANG_WARN_EMPTY_BODY = YES;
				CLANG_WARN_ENUM_CONVERSION = YES;
				CLANG_WARN_INFINITE_RECURSION = YES;
				CLANG_WARN_INT_CONVERSION = YES;
				CLANG_WARN_NON_LITERAL_NULL_CONVERSION = YES;
				CLANG_WARN_OBJC_IMPLICIT_RETAIN_SELF = YES;
				CLANG_WARN_OBJC_LITERAL_CONVERSION = YES;
				CLANG_WARN_OBJC_ROOT_CLASS = YES_ERROR;
				CLANG_WARN_RANGE_LOOP_ANALYSIS = YES;
				CLANG_WARN_STRICT_PROTOTYPES = YES;
				CLANG_WARN_SUSPICIOUS_MOVE = YES;
				CLANG_WARN_UNGUARDED_AVAILABILITY = YES_AGGRESSIVE;
				CLANG_WARN_UNREACHABLE_CODE = YES;
				CLANG_WARN__DUPLICATE_METHOD_MATCH = YES;
				CODE_SIGN_IDENTITY = "iPhone Developer";
				COPY_PHASE_STRIP = NO;
				DEBUG_INFORMATION_FORMAT = "dwarf-with-dsym";
				ENABLE_NS_ASSERTIONS = NO;
				ENABLE_STRICT_OBJC_MSGSEND = YES;
				GCC_C_LANGUAGE_STANDARD = gnu11;
				GCC_NO_COMMON_BLOCKS = YES;
				GCC_WARN_64_TO_32_BIT_CONVERSION = YES;
				GCC_WARN_ABOUT_RETURN_TYPE = YES_ERROR;
				GCC_WARN_UNDECLARED_SELECTOR = YES;
				GCC_WARN_UNINITIALIZED_AUTOS = YES_AGGRESSIVE;
				GCC_WARN_UNUSED_FUNCTION = YES;
				GCC_WARN_UNUSED_VARIABLE = YES;
				IPHONEOS_DEPLOYMENT_TARGET = 11.4;
				MTL_ENABLE_DEBUG_INFO = NO;
				SDKROOT = iphoneos;
				SWIFT_COMPILATION_MODE = wholemodule;
				SWIFT_OPTIMIZATION_LEVEL = "-O";
				VALIDATE_PRODUCT = YES;
			};
			name = Release;
		};
		A1224D18210D2D2B0095B5AF /* Debug */ = {
			isa = XCBuildConfiguration;
			baseConfigurationReference = FB58CA5CE6D57F172D29CE23 /* Pods-Todoey.debug.xcconfig */;
			buildSettings = {
				ASSETCATALOG_COMPILER_APPICON_NAME = AppIcon;
				CODE_SIGN_STYLE = Automatic;
				DEVELOPMENT_TEAM = S3MYX35T5M;
				INFOPLIST_FILE = Todoey/Info.plist;
				LD_RUNPATH_SEARCH_PATHS = (
					"$(inherited)",
					"@executable_path/Frameworks",
				);
				PRODUCT_BUNDLE_IDENTIFIER = com.AtsukoFukunaga.Todoey;
				PRODUCT_NAME = "$(TARGET_NAME)";
				SWIFT_VERSION = 4.0;
				TARGETED_DEVICE_FAMILY = "1,2";
			};
			name = Debug;
		};
		A1224D19210D2D2B0095B5AF /* Release */ = {
			isa = XCBuildConfiguration;
			baseConfigurationReference = 5094ED7C6169BFC597A99407 /* Pods-Todoey.release.xcconfig */;
			buildSettings = {
				ASSETCATALOG_COMPILER_APPICON_NAME = AppIcon;
				CODE_SIGN_STYLE = Automatic;
				DEVELOPMENT_TEAM = S3MYX35T5M;
				INFOPLIST_FILE = Todoey/Info.plist;
				LD_RUNPATH_SEARCH_PATHS = (
					"$(inherited)",
					"@executable_path/Frameworks",
				);
				PRODUCT_BUNDLE_IDENTIFIER = com.AtsukoFukunaga.Todoey;
				PRODUCT_NAME = "$(TARGET_NAME)";
				SWIFT_VERSION = 4.0;
				TARGETED_DEVICE_FAMILY = "1,2";
			};
			name = Release;
		};
/* End XCBuildConfiguration section */

/* Begin XCConfigurationList section */
		A1224D00210D2D290095B5AF /* Build configuration list for PBXProject "Todoey" */ = {
			isa = XCConfigurationList;
			buildConfigurations = (
				A1224D15210D2D2B0095B5AF /* Debug */,
				A1224D16210D2D2B0095B5AF /* Release */,
			);
			defaultConfigurationIsVisible = 0;
			defaultConfigurationName = Release;
		};
		A1224D17210D2D2B0095B5AF /* Build configuration list for PBXNativeTarget "Todoey" */ = {
			isa = XCConfigurationList;
			buildConfigurations = (
				A1224D18210D2D2B0095B5AF /* Debug */,
				A1224D19210D2D2B0095B5AF /* Release */,
			);
			defaultConfigurationIsVisible = 0;
			defaultConfigurationName = Release;
		};
/* End XCConfigurationList section */
	};
	rootObject = A1224CFD210D2D290095B5AF /* Project object */;
}
